// !$*UTF8*$!
{
	archiveVersion = 1;
	classes = {
	};
	objectVersion = 56;
	objects = {

/* Begin PBXBuildFile section */
		9523E52C2B58596E00CBB7D9 /* TCALoginScreenApp.swift in Sources */ = {isa = PBXBuildFile; fileRef = 9523E52B2B58596E00CBB7D9 /* TCALoginScreenApp.swift */; };
		9523E53D2B58596F00CBB7D9 /* TCALoginScreenTests.swift in Sources */ = {isa = PBXBuildFile; fileRef = 9523E53C2B58596F00CBB7D9 /* TCALoginScreenTests.swift */; };
		9523E5472B58596F00CBB7D9 /* TCALoginScreenUITests.swift in Sources */ = {isa = PBXBuildFile; fileRef = 9523E5462B58596F00CBB7D9 /* TCALoginScreenUITests.swift */; };
		9523E5492B58596F00CBB7D9 /* TCALoginScreenUITestsLaunchTests.swift in Sources */ = {isa = PBXBuildFile; fileRef = 9523E5482B58596F00CBB7D9 /* TCALoginScreenUITestsLaunchTests.swift */; };
		9523E5572B5859AD00CBB7D9 /* ComposableArchitecture in Frameworks */ = {isa = PBXBuildFile; productRef = 9523E5562B5859AD00CBB7D9 /* ComposableArchitecture */; };
		9526A8FD2B62D7D200F12B80 /* Preview Assets.xcassets in Resources */ = {isa = PBXBuildFile; fileRef = 9523E5322B58596F00CBB7D9 /* Preview Assets.xcassets */; };
		9526A8FE2B62D7D800F12B80 /* Assets.xcassets in Resources */ = {isa = PBXBuildFile; fileRef = 953627A62B59BF8C00FD12C4 /* Assets.xcassets */; };
		9526A9022B62DF0A00F12B80 /* StandupDetail.swift in Sources */ = {isa = PBXBuildFile; fileRef = 9526A9012B62DF0A00F12B80 /* StandupDetail.swift */; };
		953627A92B59C03500FD12C4 /* StandupFormFeature.swift in Sources */ = {isa = PBXBuildFile; fileRef = 953627A82B59C03500FD12C4 /* StandupFormFeature.swift */; };
		958305D82B62EE6700DB36AC /* StandupDetailTests.swift in Sources */ = {isa = PBXBuildFile; fileRef = 958305D72B62EE6700DB36AC /* StandupDetailTests.swift */; };
		958305DA2B62FBD300DB36AC /* App.swift in Sources */ = {isa = PBXBuildFile; fileRef = 958305D92B62FBD300DB36AC /* App.swift */; };
		95A53ECA2B6523A10024A6D9 /* AppTests.swift in Sources */ = {isa = PBXBuildFile; fileRef = 95A53EC82B65235B0024A6D9 /* AppTests.swift */; };
		95A677652B58647800449284 /* CounterView.swift in Sources */ = {isa = PBXBuildFile; fileRef = 95A677642B58647800449284 /* CounterView.swift */; };
		95B4798D2B59A09A00429962 /* StandupsList.swift in Sources */ = {isa = PBXBuildFile; fileRef = 95B4798C2B59A09A00429962 /* StandupsList.swift */; };
		95B4798F2B59A60200429962 /* Models.swift in Sources */ = {isa = PBXBuildFile; fileRef = 95B4798E2B59A60200429962 /* Models.swift */; };
		95DA5F932B5C3AC90029C02A /* StandupFormTests.swift in Sources */ = {isa = PBXBuildFile; fileRef = 95DA5F922B5C3AC90029C02A /* StandupFormTests.swift */; };
		95DA5F952B5D1F180029C02A /* StandupsListTests.swift in Sources */ = {isa = PBXBuildFile; fileRef = 95DA5F942B5D1F180029C02A /* StandupsListTests.swift */; };
		95E0BFC32B58788300D1FF6F /* CounterTests.swift in Sources */ = {isa = PBXBuildFile; fileRef = 95E0BFC22B58788300D1FF6F /* CounterTests.swift */; };
/* End PBXBuildFile section */

/* Begin PBXContainerItemProxy section */
		9523E5392B58596F00CBB7D9 /* PBXContainerItemProxy */ = {
			isa = PBXContainerItemProxy;
			containerPortal = 9523E5202B58596E00CBB7D9 /* Project object */;
			proxyType = 1;
			remoteGlobalIDString = 9523E5272B58596E00CBB7D9;
			remoteInfo = TCALoginScreen;
		};
		9523E5432B58596F00CBB7D9 /* PBXContainerItemProxy */ = {
			isa = PBXContainerItemProxy;
			containerPortal = 9523E5202B58596E00CBB7D9 /* Project object */;
			proxyType = 1;
			remoteGlobalIDString = 9523E5272B58596E00CBB7D9;
			remoteInfo = TCALoginScreen;
		};
/* End PBXContainerItemProxy section */

/* Begin PBXFileReference section */
		9523E5282B58596E00CBB7D9 /* TCALoginScreen.app */ = {isa = PBXFileReference; explicitFileType = wrapper.application; includeInIndex = 0; path = TCALoginScreen.app; sourceTree = BUILT_PRODUCTS_DIR; };
		9523E52B2B58596E00CBB7D9 /* TCALoginScreenApp.swift */ = {isa = PBXFileReference; lastKnownFileType = sourcecode.swift; path = TCALoginScreenApp.swift; sourceTree = "<group>"; };
		9523E5322B58596F00CBB7D9 /* Preview Assets.xcassets */ = {isa = PBXFileReference; lastKnownFileType = folder.assetcatalog; path = "Preview Assets.xcassets"; sourceTree = "<group>"; };
		9523E5382B58596F00CBB7D9 /* TCALoginScreenTests.xctest */ = {isa = PBXFileReference; explicitFileType = wrapper.cfbundle; includeInIndex = 0; path = TCALoginScreenTests.xctest; sourceTree = BUILT_PRODUCTS_DIR; };
		9523E53C2B58596F00CBB7D9 /* TCALoginScreenTests.swift */ = {isa = PBXFileReference; lastKnownFileType = sourcecode.swift; path = TCALoginScreenTests.swift; sourceTree = "<group>"; };
		9523E5422B58596F00CBB7D9 /* TCALoginScreenUITests.xctest */ = {isa = PBXFileReference; explicitFileType = wrapper.cfbundle; includeInIndex = 0; path = TCALoginScreenUITests.xctest; sourceTree = BUILT_PRODUCTS_DIR; };
		9523E5462B58596F00CBB7D9 /* TCALoginScreenUITests.swift */ = {isa = PBXFileReference; lastKnownFileType = sourcecode.swift; path = TCALoginScreenUITests.swift; sourceTree = "<group>"; };
		9523E5482B58596F00CBB7D9 /* TCALoginScreenUITestsLaunchTests.swift */ = {isa = PBXFileReference; lastKnownFileType = sourcecode.swift; path = TCALoginScreenUITestsLaunchTests.swift; sourceTree = "<group>"; };
		9526A9012B62DF0A00F12B80 /* StandupDetail.swift */ = {isa = PBXFileReference; lastKnownFileType = sourcecode.swift; path = StandupDetail.swift; sourceTree = "<group>"; };
		953627A62B59BF8C00FD12C4 /* Assets.xcassets */ = {isa = PBXFileReference; lastKnownFileType = folder.assetcatalog; path = Assets.xcassets; sourceTree = "<group>"; };
		953627A82B59C03500FD12C4 /* StandupFormFeature.swift */ = {isa = PBXFileReference; lastKnownFileType = sourcecode.swift; path = StandupFormFeature.swift; sourceTree = "<group>"; };
		958305D72B62EE6700DB36AC /* StandupDetailTests.swift */ = {isa = PBXFileReference; lastKnownFileType = sourcecode.swift; path = StandupDetailTests.swift; sourceTree = "<group>"; };
		958305D92B62FBD300DB36AC /* App.swift */ = {isa = PBXFileReference; lastKnownFileType = sourcecode.swift; path = App.swift; sourceTree = "<group>"; };
		95A53EC82B65235B0024A6D9 /* AppTests.swift */ = {isa = PBXFileReference; lastKnownFileType = sourcecode.swift; path = AppTests.swift; sourceTree = "<group>"; };
		95A677642B58647800449284 /* CounterView.swift */ = {isa = PBXFileReference; lastKnownFileType = sourcecode.swift; path = CounterView.swift; sourceTree = "<group>"; };
		95B4798C2B59A09A00429962 /* StandupsList.swift */ = {isa = PBXFileReference; lastKnownFileType = sourcecode.swift; path = StandupsList.swift; sourceTree = "<group>"; };
		95B4798E2B59A60200429962 /* Models.swift */ = {isa = PBXFileReference; lastKnownFileType = sourcecode.swift; path = Models.swift; sourceTree = "<group>"; };
		95DA5F922B5C3AC90029C02A /* StandupFormTests.swift */ = {isa = PBXFileReference; lastKnownFileType = sourcecode.swift; path = StandupFormTests.swift; sourceTree = "<group>"; };
		95DA5F942B5D1F180029C02A /* StandupsListTests.swift */ = {isa = PBXFileReference; lastKnownFileType = sourcecode.swift; path = StandupsListTests.swift; sourceTree = "<group>"; };
		95E0BFC12B586D8300D1FF6F /* Info.plist */ = {isa = PBXFileReference; lastKnownFileType = text.plist.xml; path = Info.plist; sourceTree = "<group>"; };
		95E0BFC22B58788300D1FF6F /* CounterTests.swift */ = {isa = PBXFileReference; lastKnownFileType = sourcecode.swift; path = CounterTests.swift; sourceTree = "<group>"; };
/* End PBXFileReference section */

/* Begin PBXFrameworksBuildPhase section */
		9523E5252B58596E00CBB7D9 /* Frameworks */ = {
			isa = PBXFrameworksBuildPhase;
			buildActionMask = 2147483647;
			files = (
				9523E5572B5859AD00CBB7D9 /* ComposableArchitecture in Frameworks */,
			);
			runOnlyForDeploymentPostprocessing = 0;
		};
		9523E5352B58596F00CBB7D9 /* Frameworks */ = {
			isa = PBXFrameworksBuildPhase;
			buildActionMask = 2147483647;
			files = (
			);
			runOnlyForDeploymentPostprocessing = 0;
		};
		9523E53F2B58596F00CBB7D9 /* Frameworks */ = {
			isa = PBXFrameworksBuildPhase;
			buildActionMask = 2147483647;
			files = (
			);
			runOnlyForDeploymentPostprocessing = 0;
		};
/* End PBXFrameworksBuildPhase section */

/* Begin PBXGroup section */
		9523E51F2B58596E00CBB7D9 = {
			isa = PBXGroup;
			children = (
				9523E5292B58596E00CBB7D9 /* Products */,
				9523E52A2B58596E00CBB7D9 /* TCALoginScreen */,
				9523E53B2B58596F00CBB7D9 /* TCALoginScreenTests */,
				9523E5452B58596F00CBB7D9 /* TCALoginScreenUITests */,
			);
			sourceTree = "<group>";
		};
		9523E5292B58596E00CBB7D9 /* Products */ = {
			isa = PBXGroup;
			children = (
				9523E5282B58596E00CBB7D9 /* TCALoginScreen.app */,
				9523E5382B58596F00CBB7D9 /* TCALoginScreenTests.xctest */,
				9523E5422B58596F00CBB7D9 /* TCALoginScreenUITests.xctest */,
			);
			name = Products;
			sourceTree = "<group>";
		};
		9523E52A2B58596E00CBB7D9 /* TCALoginScreen */ = {
			isa = PBXGroup;
			children = (
				9523E52B2B58596E00CBB7D9 /* TCALoginScreenApp.swift */,
				95A677632B58646400449284 /* CounterFeature */,
				9526A8FC2B62D75400F12B80 /* Preview Content */,
				9526A8FB2B62D42B00F12B80 /* Resources */,
				9526A8FA2B62D3A300F12B80 /* TCAStandupFormFeature */,
			);
			path = TCALoginScreen;
			sourceTree = "<group>";
		};
		9523E53B2B58596F00CBB7D9 /* TCALoginScreenTests */ = {
			isa = PBXGroup;
			children = (
				95A53EC82B65235B0024A6D9 /* AppTests.swift */,
				9523E53C2B58596F00CBB7D9 /* TCALoginScreenTests.swift */,
				95E0BFC22B58788300D1FF6F /* CounterTests.swift */,
				95DA5F922B5C3AC90029C02A /* StandupFormTests.swift */,
				95DA5F942B5D1F180029C02A /* StandupsListTests.swift */,
				958305D72B62EE6700DB36AC /* StandupDetailTests.swift */,
			);
			path = TCALoginScreenTests;
			sourceTree = "<group>";
		};
		9523E5452B58596F00CBB7D9 /* TCALoginScreenUITests */ = {
			isa = PBXGroup;
			children = (
				9523E5462B58596F00CBB7D9 /* TCALoginScreenUITests.swift */,
				9523E5482B58596F00CBB7D9 /* TCALoginScreenUITestsLaunchTests.swift */,
			);
			path = TCALoginScreenUITests;
			sourceTree = "<group>";
		};
		9526A8FA2B62D3A300F12B80 /* TCAStandupFormFeature */ = {
			isa = PBXGroup;
			children = (
				9526A9002B62DEF300F12B80 /* StandupDetailFeature */,
				95B4798E2B59A60200429962 /* Models.swift */,
				953627A82B59C03500FD12C4 /* StandupFormFeature.swift */,
				95B4798C2B59A09A00429962 /* StandupsList.swift */,
				958305D92B62FBD300DB36AC /* App.swift */,
			);
			path = TCAStandupFormFeature;
			sourceTree = "<group>";
		};
		9526A8FB2B62D42B00F12B80 /* Resources */ = {
			isa = PBXGroup;
			children = (
				95E0BFC12B586D8300D1FF6F /* Info.plist */,
				953627A62B59BF8C00FD12C4 /* Assets.xcassets */,
			);
			path = Resources;
			sourceTree = "<group>";
		};
		9526A8FC2B62D75400F12B80 /* Preview Content */ = {
			isa = PBXGroup;
			children = (
				9523E5322B58596F00CBB7D9 /* Preview Assets.xcassets */,
			);
			path = "Preview Content";
			sourceTree = "<group>";
		};
		9526A9002B62DEF300F12B80 /* StandupDetailFeature */ = {
			isa = PBXGroup;
			children = (
				9526A9012B62DF0A00F12B80 /* StandupDetail.swift */,
			);
			path = StandupDetailFeature;
			sourceTree = "<group>";
		};
		95A677632B58646400449284 /* CounterFeature */ = {
			isa = PBXGroup;
			children = (
				95A677642B58647800449284 /* CounterView.swift */,
			);
			path = CounterFeature;
			sourceTree = "<group>";
		};
/* End PBXGroup section */

/* Begin PBXNativeTarget section */
		9523E5272B58596E00CBB7D9 /* TCALoginScreen */ = {
			isa = PBXNativeTarget;
			buildConfigurationList = 9523E54C2B58596F00CBB7D9 /* Build configuration list for PBXNativeTarget "TCALoginScreen" */;
			buildPhases = (
				9523E5242B58596E00CBB7D9 /* Sources */,
				9523E5252B58596E00CBB7D9 /* Frameworks */,
				9523E5262B58596E00CBB7D9 /* Resources */,
			);
			buildRules = (
			);
			dependencies = (
			);
			name = TCALoginScreen;
			packageProductDependencies = (
				9523E5562B5859AD00CBB7D9 /* ComposableArchitecture */,
			);
			productName = TCALoginScreen;
			productReference = 9523E5282B58596E00CBB7D9 /* TCALoginScreen.app */;
			productType = "com.apple.product-type.application";
		};
		9523E5372B58596F00CBB7D9 /* TCALoginScreenTests */ = {
			isa = PBXNativeTarget;
			buildConfigurationList = 9523E54F2B58596F00CBB7D9 /* Build configuration list for PBXNativeTarget "TCALoginScreenTests" */;
			buildPhases = (
				9523E5342B58596F00CBB7D9 /* Sources */,
				9523E5352B58596F00CBB7D9 /* Frameworks */,
				9523E5362B58596F00CBB7D9 /* Resources */,
			);
			buildRules = (
			);
			dependencies = (
				9523E53A2B58596F00CBB7D9 /* PBXTargetDependency */,
			);
			name = TCALoginScreenTests;
			productName = TCALoginScreenTests;
			productReference = 9523E5382B58596F00CBB7D9 /* TCALoginScreenTests.xctest */;
			productType = "com.apple.product-type.bundle.unit-test";
		};
		9523E5412B58596F00CBB7D9 /* TCALoginScreenUITests */ = {
			isa = PBXNativeTarget;
			buildConfigurationList = 9523E5522B58596F00CBB7D9 /* Build configuration list for PBXNativeTarget "TCALoginScreenUITests" */;
			buildPhases = (
				9523E53E2B58596F00CBB7D9 /* Sources */,
				9523E53F2B58596F00CBB7D9 /* Frameworks */,
				9523E5402B58596F00CBB7D9 /* Resources */,
			);
			buildRules = (
			);
			dependencies = (
				9523E5442B58596F00CBB7D9 /* PBXTargetDependency */,
			);
			name = TCALoginScreenUITests;
			productName = TCALoginScreenUITests;
			productReference = 9523E5422B58596F00CBB7D9 /* TCALoginScreenUITests.xctest */;
			productType = "com.apple.product-type.bundle.ui-testing";
		};
/* End PBXNativeTarget section */

/* Begin PBXProject section */
		9523E5202B58596E00CBB7D9 /* Project object */ = {
			isa = PBXProject;
			attributes = {
				BuildIndependentTargetsInParallel = 1;
				LastSwiftUpdateCheck = 1500;
				LastUpgradeCheck = 1500;
				TargetAttributes = {
					9523E5272B58596E00CBB7D9 = {
						CreatedOnToolsVersion = 15.0;
					};
					9523E5372B58596F00CBB7D9 = {
						CreatedOnToolsVersion = 15.0;
						TestTargetID = 9523E5272B58596E00CBB7D9;
					};
					9523E5412B58596F00CBB7D9 = {
						CreatedOnToolsVersion = 15.0;
						TestTargetID = 9523E5272B58596E00CBB7D9;
					};
				};
			};
			buildConfigurationList = 9523E5232B58596E00CBB7D9 /* Build configuration list for PBXProject "TCALoginScreen" */;
			compatibilityVersion = "Xcode 14.0";
			developmentRegion = en;
			hasScannedForEncodings = 0;
			knownRegions = (
				en,
				Base,
			);
			mainGroup = 9523E51F2B58596E00CBB7D9;
			packageReferences = (
				9523E5552B5859AD00CBB7D9 /* XCRemoteSwiftPackageReference "swift-composable-architecture" */,
			);
			productRefGroup = 9523E5292B58596E00CBB7D9 /* Products */;
			projectDirPath = "";
			projectRoot = "";
			targets = (
				9523E5272B58596E00CBB7D9 /* TCALoginScreen */,
				9523E5372B58596F00CBB7D9 /* TCALoginScreenTests */,
				9523E5412B58596F00CBB7D9 /* TCALoginScreenUITests */,
			);
		};
/* End PBXProject section */

/* Begin PBXResourcesBuildPhase section */
		9523E5262B58596E00CBB7D9 /* Resources */ = {
			isa = PBXResourcesBuildPhase;
			buildActionMask = 2147483647;
			files = (
				9526A8FE2B62D7D800F12B80 /* Assets.xcassets in Resources */,
				9526A8FD2B62D7D200F12B80 /* Preview Assets.xcassets in Resources */,
			);
			runOnlyForDeploymentPostprocessing = 0;
		};
		9523E5362B58596F00CBB7D9 /* Resources */ = {
			isa = PBXResourcesBuildPhase;
			buildActionMask = 2147483647;
			files = (
			);
			runOnlyForDeploymentPostprocessing = 0;
		};
		9523E5402B58596F00CBB7D9 /* Resources */ = {
			isa = PBXResourcesBuildPhase;
			buildActionMask = 2147483647;
			files = (
			);
			runOnlyForDeploymentPostprocessing = 0;
		};
/* End PBXResourcesBuildPhase section */

/* Begin PBXSourcesBuildPhase section */
		9523E5242B58596E00CBB7D9 /* Sources */ = {
			isa = PBXSourcesBuildPhase;
			buildActionMask = 2147483647;
			files = (
				953627A92B59C03500FD12C4 /* StandupFormFeature.swift in Sources */,
				9523E52C2B58596E00CBB7D9 /* TCALoginScreenApp.swift in Sources */,
				9526A9022B62DF0A00F12B80 /* StandupDetail.swift in Sources */,
				95A677652B58647800449284 /* CounterView.swift in Sources */,
				95B4798F2B59A60200429962 /* Models.swift in Sources */,
				958305DA2B62FBD300DB36AC /* App.swift in Sources */,
				95B4798D2B59A09A00429962 /* StandupsList.swift in Sources */,
			);
			runOnlyForDeploymentPostprocessing = 0;
		};
		9523E5342B58596F00CBB7D9 /* Sources */ = {
			isa = PBXSourcesBuildPhase;
			buildActionMask = 2147483647;
			files = (
				958305D82B62EE6700DB36AC /* StandupDetailTests.swift in Sources */,
				95E0BFC32B58788300D1FF6F /* CounterTests.swift in Sources */,
				95DA5F932B5C3AC90029C02A /* StandupFormTests.swift in Sources */,
				9523E53D2B58596F00CBB7D9 /* TCALoginScreenTests.swift in Sources */,
				95DA5F952B5D1F180029C02A /* StandupsListTests.swift in Sources */,
				95A53ECA2B6523A10024A6D9 /* AppTests.swift in Sources */,
			);
			runOnlyForDeploymentPostprocessing = 0;
		};
		9523E53E2B58596F00CBB7D9 /* Sources */ = {
			isa = PBXSourcesBuildPhase;
			buildActionMask = 2147483647;
			files = (
				9523E5472B58596F00CBB7D9 /* TCALoginScreenUITests.swift in Sources */,
				9523E5492B58596F00CBB7D9 /* TCALoginScreenUITestsLaunchTests.swift in Sources */,
			);
			runOnlyForDeploymentPostprocessing = 0;
		};
/* End PBXSourcesBuildPhase section */

/* Begin PBXTargetDependency section */
		9523E53A2B58596F00CBB7D9 /* PBXTargetDependency */ = {
			isa = PBXTargetDependency;
			target = 9523E5272B58596E00CBB7D9 /* TCALoginScreen */;
			targetProxy = 9523E5392B58596F00CBB7D9 /* PBXContainerItemProxy */;
		};
		9523E5442B58596F00CBB7D9 /* PBXTargetDependency */ = {
			isa = PBXTargetDependency;
			target = 9523E5272B58596E00CBB7D9 /* TCALoginScreen */;
			targetProxy = 9523E5432B58596F00CBB7D9 /* PBXContainerItemProxy */;
		};
/* End PBXTargetDependency section */

/* Begin XCBuildConfiguration section */
		9523E54A2B58596F00CBB7D9 /* Debug */ = {
			isa = XCBuildConfiguration;
			buildSettings = {
				ALWAYS_SEARCH_USER_PATHS = NO;
				ASSETCATALOG_COMPILER_GENERATE_SWIFT_ASSET_SYMBOL_EXTENSIONS = YES;
				CLANG_ANALYZER_NONNULL = YES;
				CLANG_ANALYZER_NUMBER_OBJECT_CONVERSION = YES_AGGRESSIVE;
				CLANG_CXX_LANGUAGE_STANDARD = "gnu++20";
				CLANG_ENABLE_MODULES = YES;
				CLANG_ENABLE_OBJC_ARC = YES;
				CLANG_ENABLE_OBJC_WEAK = YES;
				CLANG_WARN_BLOCK_CAPTURE_AUTORELEASING = YES;
				CLANG_WARN_BOOL_CONVERSION = YES;
				CLANG_WARN_COMMA = YES;
				CLANG_WARN_CONSTANT_CONVERSION = YES;
				CLANG_WARN_DEPRECATED_OBJC_IMPLEMENTATIONS = YES;
				CLANG_WARN_DIRECT_OBJC_ISA_USAGE = YES_ERROR;
				CLANG_WARN_DOCUMENTATION_COMMENTS = YES;
				CLANG_WARN_EMPTY_BODY = YES;
				CLANG_WARN_ENUM_CONVERSION = YES;
				CLANG_WARN_INFINITE_RECURSION = YES;
				CLANG_WARN_INT_CONVERSION = YES;
				CLANG_WARN_NON_LITERAL_NULL_CONVERSION = YES;
				CLANG_WARN_OBJC_IMPLICIT_RETAIN_SELF = YES;
				CLANG_WARN_OBJC_LITERAL_CONVERSION = YES;
				CLANG_WARN_OBJC_ROOT_CLASS = YES_ERROR;
				CLANG_WARN_QUOTED_INCLUDE_IN_FRAMEWORK_HEADER = YES;
				CLANG_WARN_RANGE_LOOP_ANALYSIS = YES;
				CLANG_WARN_STRICT_PROTOTYPES = YES;
				CLANG_WARN_SUSPICIOUS_MOVE = YES;
				CLANG_WARN_UNGUARDED_AVAILABILITY = YES_AGGRESSIVE;
				CLANG_WARN_UNREACHABLE_CODE = YES;
				CLANG_WARN__DUPLICATE_METHOD_MATCH = YES;
				COPY_PHASE_STRIP = NO;
				DEBUG_INFORMATION_FORMAT = dwarf;
				ENABLE_STRICT_OBJC_MSGSEND = YES;
				ENABLE_TESTABILITY = YES;
				ENABLE_USER_SCRIPT_SANDBOXING = YES;
				GCC_C_LANGUAGE_STANDARD = gnu17;
				GCC_DYNAMIC_NO_PIC = NO;
				GCC_NO_COMMON_BLOCKS = YES;
				GCC_OPTIMIZATION_LEVEL = 0;
				GCC_PREPROCESSOR_DEFINITIONS = (
					"DEBUG=1",
					"$(inherited)",
				);
				GCC_WARN_64_TO_32_BIT_CONVERSION = YES;
				GCC_WARN_ABOUT_RETURN_TYPE = YES_ERROR;
				GCC_WARN_UNDECLARED_SELECTOR = YES;
				GCC_WARN_UNINITIALIZED_AUTOS = YES_AGGRESSIVE;
				GCC_WARN_UNUSED_FUNCTION = YES;
				GCC_WARN_UNUSED_VARIABLE = YES;
				IPHONEOS_DEPLOYMENT_TARGET = 17.0;
				LOCALIZATION_PREFERS_STRING_CATALOGS = YES;
				MTL_ENABLE_DEBUG_INFO = INCLUDE_SOURCE;
				MTL_FAST_MATH = YES;
				ONLY_ACTIVE_ARCH = YES;
				SDKROOT = iphoneos;
				SWIFT_ACTIVE_COMPILATION_CONDITIONS = "DEBUG $(inherited)";
				SWIFT_OPTIMIZATION_LEVEL = "-Onone";
				SWIFT_STRICT_CONCURRENCY = complete;
			};
			name = Debug;
		};
		9523E54B2B58596F00CBB7D9 /* Release */ = {
			isa = XCBuildConfiguration;
			buildSettings = {
				ALWAYS_SEARCH_USER_PATHS = NO;
				ASSETCATALOG_COMPILER_GENERATE_SWIFT_ASSET_SYMBOL_EXTENSIONS = YES;
				CLANG_ANALYZER_NONNULL = YES;
				CLANG_ANALYZER_NUMBER_OBJECT_CONVERSION = YES_AGGRESSIVE;
				CLANG_CXX_LANGUAGE_STANDARD = "gnu++20";
				CLANG_ENABLE_MODULES = YES;
				CLANG_ENABLE_OBJC_ARC = YES;
				CLANG_ENABLE_OBJC_WEAK = YES;
				CLANG_WARN_BLOCK_CAPTURE_AUTORELEASING = YES;
				CLANG_WARN_BOOL_CONVERSION = YES;
				CLANG_WARN_COMMA = YES;
				CLANG_WARN_CONSTANT_CONVERSION = YES;
				CLANG_WARN_DEPRECATED_OBJC_IMPLEMENTATIONS = YES;
				CLANG_WARN_DIRECT_OBJC_ISA_USAGE = YES_ERROR;
				CLANG_WARN_DOCUMENTATION_COMMENTS = YES;
				CLANG_WARN_EMPTY_BODY = YES;
				CLANG_WARN_ENUM_CONVERSION = YES;
				CLANG_WARN_INFINITE_RECURSION = YES;
				CLANG_WARN_INT_CONVERSION = YES;
				CLANG_WARN_NON_LITERAL_NULL_CONVERSION = YES;
				CLANG_WARN_OBJC_IMPLICIT_RETAIN_SELF = YES;
				CLANG_WARN_OBJC_LITERAL_CONVERSION = YES;
				CLANG_WARN_OBJC_ROOT_CLASS = YES_ERROR;
				CLANG_WARN_QUOTED_INCLUDE_IN_FRAMEWORK_HEADER = YES;
				CLANG_WARN_RANGE_LOOP_ANALYSIS = YES;
				CLANG_WARN_STRICT_PROTOTYPES = YES;
				CLANG_WARN_SUSPICIOUS_MOVE = YES;
				CLANG_WARN_UNGUARDED_AVAILABILITY = YES_AGGRESSIVE;
				CLANG_WARN_UNREACHABLE_CODE = YES;
				CLANG_WARN__DUPLICATE_METHOD_MATCH = YES;
				COPY_PHASE_STRIP = NO;
				DEBUG_INFORMATION_FORMAT = "dwarf-with-dsym";
				ENABLE_NS_ASSERTIONS = NO;
				ENABLE_STRICT_OBJC_MSGSEND = YES;
				ENABLE_USER_SCRIPT_SANDBOXING = YES;
				GCC_C_LANGUAGE_STANDARD = gnu17;
				GCC_NO_COMMON_BLOCKS = YES;
				GCC_WARN_64_TO_32_BIT_CONVERSION = YES;
				GCC_WARN_ABOUT_RETURN_TYPE = YES_ERROR;
				GCC_WARN_UNDECLARED_SELECTOR = YES;
				GCC_WARN_UNINITIALIZED_AUTOS = YES_AGGRESSIVE;
				GCC_WARN_UNUSED_FUNCTION = YES;
				GCC_WARN_UNUSED_VARIABLE = YES;
				IPHONEOS_DEPLOYMENT_TARGET = 17.0;
				LOCALIZATION_PREFERS_STRING_CATALOGS = YES;
				MTL_ENABLE_DEBUG_INFO = NO;
				MTL_FAST_MATH = YES;
				SDKROOT = iphoneos;
				SWIFT_COMPILATION_MODE = wholemodule;
				SWIFT_STRICT_CONCURRENCY = complete;
				VALIDATE_PRODUCT = YES;
			};
			name = Release;
		};
		9523E54D2B58596F00CBB7D9 /* Debug */ = {
			isa = XCBuildConfiguration;
			buildSettings = {
				ASSETCATALOG_COMPILER_APPICON_NAME = AppIcon;
				ASSETCATALOG_COMPILER_GLOBAL_ACCENT_COLOR_NAME = AccentColor;
				CODE_SIGN_STYLE = Automatic;
				CURRENT_PROJECT_VERSION = 1;
				DEVELOPMENT_ASSET_PATHS = "\"TCALoginScreen/Preview Content\"";
				DEVELOPMENT_TEAM = 75V4JJUAC7;
				ENABLE_PREVIEWS = YES;
				GENERATE_INFOPLIST_FILE = YES;
				INFOPLIST_FILE = TCALoginScreen/Resources/Info.plist;
				INFOPLIST_KEY_LSApplicationCategoryType = "";
				INFOPLIST_KEY_UIApplicationSceneManifest_Generation = YES;
				INFOPLIST_KEY_UIApplicationSupportsIndirectInputEvents = YES;
				INFOPLIST_KEY_UILaunchScreen_Generation = YES;
				INFOPLIST_KEY_UISupportedInterfaceOrientations_iPad = "UIInterfaceOrientationPortrait UIInterfaceOrientationPortraitUpsideDown UIInterfaceOrientationLandscapeLeft UIInterfaceOrientationLandscapeRight";
				INFOPLIST_KEY_UISupportedInterfaceOrientations_iPhone = "UIInterfaceOrientationPortrait UIInterfaceOrientationLandscapeLeft UIInterfaceOrientationLandscapeRight";
				LD_RUNPATH_SEARCH_PATHS = (
					"$(inherited)",
					"@executable_path/Frameworks",
				);
				MARKETING_VERSION = 1.0;
				PRODUCT_BUNDLE_IDENTIFIER = com.krzysztoflema.TCALoginScreen;
				PRODUCT_NAME = "$(TARGET_NAME)";
				SWIFT_EMIT_LOC_STRINGS = YES;
				SWIFT_VERSION = 5.0;
				TARGETED_DEVICE_FAMILY = "1,2";
			};
			name = Debug;
		};
		9523E54E2B58596F00CBB7D9 /* Release */ = {
			isa = XCBuildConfiguration;
			buildSettings = {
				ASSETCATALOG_COMPILER_APPICON_NAME = AppIcon;
				ASSETCATALOG_COMPILER_GLOBAL_ACCENT_COLOR_NAME = AccentColor;
				CODE_SIGN_STYLE = Automatic;
				CURRENT_PROJECT_VERSION = 1;
				DEVELOPMENT_ASSET_PATHS = "\"TCALoginScreen/Preview Content\"";
				DEVELOPMENT_TEAM = 75V4JJUAC7;
				ENABLE_PREVIEWS = YES;
				GENERATE_INFOPLIST_FILE = YES;
				INFOPLIST_FILE = TCALoginScreen/Resources/Info.plist;
				INFOPLIST_KEY_LSApplicationCategoryType = "";
				INFOPLIST_KEY_UIApplicationSceneManifest_Generation = YES;
				INFOPLIST_KEY_UIApplicationSupportsIndirectInputEvents = YES;
				INFOPLIST_KEY_UILaunchScreen_Generation = YES;
				INFOPLIST_KEY_UISupportedInterfaceOrientations_iPad = "UIInterfaceOrientationPortrait UIInterfaceOrientationPortraitUpsideDown UIInterfaceOrientationLandscapeLeft UIInterfaceOrientationLandscapeRight";
				INFOPLIST_KEY_UISupportedInterfaceOrientations_iPhone = "UIInterfaceOrientationPortrait UIInterfaceOrientationLandscapeLeft UIInterfaceOrientationLandscapeRight";
				LD_RUNPATH_SEARCH_PATHS = (
					"$(inherited)",
					"@executable_path/Frameworks",
				);
				MARKETING_VERSION = 1.0;
				PRODUCT_BUNDLE_IDENTIFIER = com.krzysztoflema.TCALoginScreen;
				PRODUCT_NAME = "$(TARGET_NAME)";
				SWIFT_EMIT_LOC_STRINGS = YES;
				SWIFT_VERSION = 5.0;
				TARGETED_DEVICE_FAMILY = "1,2";
			};
			name = Release;
		};
		9523E5502B58596F00CBB7D9 /* Debug */ = {
			isa = XCBuildConfiguration;
			buildSettings = {
				ALWAYS_EMBED_SWIFT_STANDARD_LIBRARIES = YES;
				BUNDLE_LOADER = "$(TEST_HOST)";
				CODE_SIGN_STYLE = Automatic;
				CURRENT_PROJECT_VERSION = 1;
				DEVELOPMENT_TEAM = 75V4JJUAC7;
				GENERATE_INFOPLIST_FILE = YES;
				IPHONEOS_DEPLOYMENT_TARGET = 17.0;
				MARKETING_VERSION = 1.0;
				PRODUCT_BUNDLE_IDENTIFIER = com.krzysztoflema.TCALoginScreenTests;
				PRODUCT_NAME = "$(TARGET_NAME)";
				SWIFT_EMIT_LOC_STRINGS = NO;
				SWIFT_VERSION = 5.0;
				TARGETED_DEVICE_FAMILY = "1,2";
				TEST_HOST = "$(BUILT_PRODUCTS_DIR)/TCALoginScreen.app/$(BUNDLE_EXECUTABLE_FOLDER_PATH)/TCALoginScreen";
			};
			name = Debug;
		};
		9523E5512B58596F00CBB7D9 /* Release */ = {
			isa = XCBuildConfiguration;
			buildSettings = {
				ALWAYS_EMBED_SWIFT_STANDARD_LIBRARIES = YES;
				BUNDLE_LOADER = "$(TEST_HOST)";
				CODE_SIGN_STYLE = Automatic;
				CURRENT_PROJECT_VERSION = 1;
				DEVELOPMENT_TEAM = 75V4JJUAC7;
				GENERATE_INFOPLIST_FILE = YES;
				IPHONEOS_DEPLOYMENT_TARGET = 17.0;
				MARKETING_VERSION = 1.0;
				PRODUCT_BUNDLE_IDENTIFIER = com.krzysztoflema.TCALoginScreenTests;
				PRODUCT_NAME = "$(TARGET_NAME)";
				SWIFT_EMIT_LOC_STRINGS = NO;
				SWIFT_VERSION = 5.0;
				TARGETED_DEVICE_FAMILY = "1,2";
				TEST_HOST = "$(BUILT_PRODUCTS_DIR)/TCALoginScreen.app/$(BUNDLE_EXECUTABLE_FOLDER_PATH)/TCALoginScreen";
			};
			name = Release;
		};
		9523E5532B58596F00CBB7D9 /* Debug */ = {
			isa = XCBuildConfiguration;
			buildSettings = {
				ALWAYS_EMBED_SWIFT_STANDARD_LIBRARIES = YES;
				CODE_SIGN_STYLE = Automatic;
				CURRENT_PROJECT_VERSION = 1;
				DEVELOPMENT_TEAM = 75V4JJUAC7;
				GENERATE_INFOPLIST_FILE = YES;
				MARKETING_VERSION = 1.0;
				PRODUCT_BUNDLE_IDENTIFIER = com.krzysztoflema.TCALoginScreenUITests;
				PRODUCT_NAME = "$(TARGET_NAME)";
				SWIFT_EMIT_LOC_STRINGS = NO;
				SWIFT_VERSION = 5.0;
				TARGETED_DEVICE_FAMILY = "1,2";
				TEST_TARGET_NAME = TCALoginScreen;
			};
			name = Debug;
		};
		9523E5542B58596F00CBB7D9 /* Release */ = {
			isa = XCBuildConfiguration;
			buildSettings = {
				ALWAYS_EMBED_SWIFT_STANDARD_LIBRARIES = YES;
				CODE_SIGN_STYLE = Automatic;
				CURRENT_PROJECT_VERSION = 1;
				DEVELOPMENT_TEAM = 75V4JJUAC7;
				GENERATE_INFOPLIST_FILE = YES;
				MARKETING_VERSION = 1.0;
				PRODUCT_BUNDLE_IDENTIFIER = com.krzysztoflema.TCALoginScreenUITests;
				PRODUCT_NAME = "$(TARGET_NAME)";
				SWIFT_EMIT_LOC_STRINGS = NO;
				SWIFT_VERSION = 5.0;
				TARGETED_DEVICE_FAMILY = "1,2";
				TEST_TARGET_NAME = TCALoginScreen;
			};
			name = Release;
		};
/* End XCBuildConfiguration section */

/* Begin XCConfigurationList section */
		9523E5232B58596E00CBB7D9 /* Build configuration list for PBXProject "TCALoginScreen" */ = {
			isa = XCConfigurationList;
			buildConfigurations = (
				9523E54A2B58596F00CBB7D9 /* Debug */,
				9523E54B2B58596F00CBB7D9 /* Release */,
			);
			defaultConfigurationIsVisible = 0;
			defaultConfigurationName = Release;
		};
		9523E54C2B58596F00CBB7D9 /* Build configuration list for PBXNativeTarget "TCALoginScreen" */ = {
			isa = XCConfigurationList;
			buildConfigurations = (
				9523E54D2B58596F00CBB7D9 /* Debug */,
				9523E54E2B58596F00CBB7D9 /* Release */,
			);
			defaultConfigurationIsVisible = 0;
			defaultConfigurationName = Release;
		};
		9523E54F2B58596F00CBB7D9 /* Build configuration list for PBXNativeTarget "TCALoginScreenTests" */ = {
			isa = XCConfigurationList;
			buildConfigurations = (
				9523E5502B58596F00CBB7D9 /* Debug */,
				9523E5512B58596F00CBB7D9 /* Release */,
			);
			defaultConfigurationIsVisible = 0;
			defaultConfigurationName = Release;
		};
		9523E5522B58596F00CBB7D9 /* Build configuration list for PBXNativeTarget "TCALoginScreenUITests" */ = {
			isa = XCConfigurationList;
			buildConfigurations = (
				9523E5532B58596F00CBB7D9 /* Debug */,
				9523E5542B58596F00CBB7D9 /* Release */,
			);
			defaultConfigurationIsVisible = 0;
			defaultConfigurationName = Release;
		};
/* End XCConfigurationList section */

/* Begin XCRemoteSwiftPackageReference section */
		9523E5552B5859AD00CBB7D9 /* XCRemoteSwiftPackageReference "swift-composable-architecture" */ = {
			isa = XCRemoteSwiftPackageReference;
			repositoryURL = "https://github.com/pointfreeco/swift-composable-architecture";
			requirement = {
				kind = upToNextMajorVersion;
				minimumVersion = 1.6.0;
			};
		};
/* End XCRemoteSwiftPackageReference section */

/* Begin XCSwiftPackageProductDependency section */
		9523E5562B5859AD00CBB7D9 /* ComposableArchitecture */ = {
			isa = XCSwiftPackageProductDependency;
			package = 9523E5552B5859AD00CBB7D9 /* XCRemoteSwiftPackageReference "swift-composable-architecture" */;
			productName = ComposableArchitecture;
		};
/* End XCSwiftPackageProductDependency section */
	};
	rootObject = 9523E5202B58596E00CBB7D9 /* Project object */;
}
